
Microsoft Visual Studio Solution File, Format Version 12.00
# Visual Studio Version 17
VisualStudioVersion = 17.10.35013.160
MinimumVisualStudioVersion = 10.0.40219.1
Project("{9A19103F-16F7-4668-BE54-9A1E7A4F7556}") = "Swiftly", "Swiftly.csproj", "{8DB80B4D-F78D-42BB-980D-0BB91EFCDC39}"
EndProject
Global
	GlobalSection(SolutionConfigurationPlatforms) = preSolution
		Debug|Any CPU = Debug|Any CPU
		Release|Any CPU = Release|Any CPU
	EndGlobalSection
	GlobalSection(ProjectConfigurationPlatforms) = postSolution
		{8DB80B4D-F78D-42BB-980D-0BB91EFCDC39}.Debug|Any CPU.ActiveCfg = Debug|Any CPU
		{8DB80B4D-F78D-42BB-980D-0BB91EFCDC39}.Debug|Any CPU.Build.0 = Debug|Any CPU
		{8DB80B4D-F78D-42BB-980D-0BB91EFCDC39}.Release|Any CPU.ActiveCfg = Release|Any CPU
		{8DB80B4D-F78D-42BB-980D-0BB91EFCDC39}.Release|Any CPU.Build.0 = Release|Any CPU
	EndGlobalSection
	GlobalSection(SolutionProperties) = preSolution
		HideSolutionNode = FALSE
	EndGlobalSection
	GlobalSection(ExtensibilityGlobals) = postSolution
		SolutionGuid = {D642E351-55EA-41C5-B7AD-D1AF2EC2BF7E}
	EndGlobalSection
EndGlobal
